
Microsoft Visual Studio Solution File, Format Version 12.00
# Visual Studio Version 17
VisualStudioVersion = 17.2.32616.157
MinimumVisualStudioVersion = 10.0.40219.1
Project("{FAE04EC0-301F-11D3-BF4B-00C04F79EFBC}") = "DensityAnalysis", "DensityAnalysis.csproj", "{3F38E1FF-3748-4D25-BB4F-F2C8B33925A9}"
EndProject
Global
	GlobalSection(SolutionConfigurationPlatforms) = preSolution
		Debug|Any CPU = Debug|Any CPU
		Release|Any CPU = Release|Any CPU
	EndGlobalSection
	GlobalSection(ProjectConfigurationPlatforms) = postSolution
		{3F38E1FF-3748-4D25-BB4F-F2C8B33925A9}.Debug|Any CPU.ActiveCfg = Debug|Any CPU
		{3F38E1FF-3748-4D25-BB4F-F2C8B33925A9}.Debug|Any CPU.Build.0 = Debug|Any CPU
		{3F38E1FF-3748-4D25-BB4F-F2C8B33925A9}.Release|Any CPU.ActiveCfg = Release|Any CPU
		{3F38E1FF-3748-4D25-BB4F-F2C8B33925A9}.Release|Any CPU.Build.0 = Release|Any CPU
	EndGlobalSection
	GlobalSection(SolutionProperties) = preSolution
		HideSolutionNode = FALSE
	EndGlobalSection
	GlobalSection(ExtensibilityGlobals) = postSolution
		SolutionGuid = {89D58ACD-E911-4ABF-BBAF-4801930DA159}
	EndGlobalSection
EndGlobal
